
Microsoft Visual Studio Solution File, Format Version 12.00
# Visual Studio Version 17
VisualStudioVersion = 17.2.32630.192
MinimumVisualStudioVersion = 10.0.40219.1
Project("{9A19103F-16F7-4668-BE54-9A1E7A4F7556}") = "AMT.App", "AMT.App\AMT.App.csproj", "{9C4EC8AE-073F-4432-ACB7-D68D3DB88982}"
EndProject
Project("{9A19103F-16F7-4668-BE54-9A1E7A4F7556}") = "Simple.AMT", "AMT.Lib\Simple.AMT.csproj", "{5CC679E1-FA3A-4796-A98A-750A237EA66E}"
EndProject
Global
	GlobalSection(SolutionConfigurationPlatforms) = preSolution
		Debug|Any CPU = Debug|Any CPU
		Release|Any CPU = Release|Any CPU
	EndGlobalSection
	GlobalSection(ProjectConfigurationPlatforms) = postSolution
		{9C4EC8AE-073F-4432-ACB7-D68D3DB88982}.Debug|Any CPU.ActiveCfg = Debug|Any CPU
		{9C4EC8AE-073F-4432-ACB7-D68D3DB88982}.Debug|Any CPU.Build.0 = Debug|Any CPU
		{9C4EC8AE-073F-4432-ACB7-D68D3DB88982}.Release|Any CPU.ActiveCfg = Release|Any CPU
		{9C4EC8AE-073F-4432-ACB7-D68D3DB88982}.Release|Any CPU.Build.0 = Release|Any CPU
		{5CC679E1-FA3A-4796-A98A-750A237EA66E}.Debug|Any CPU.ActiveCfg = Debug|Any CPU
		{5CC679E1-FA3A-4796-A98A-750A237EA66E}.Debug|Any CPU.Build.0 = Debug|Any CPU
		{5CC679E1-FA3A-4796-A98A-750A237EA66E}.Release|Any CPU.ActiveCfg = Release|Any CPU
		{5CC679E1-FA3A-4796-A98A-750A237EA66E}.Release|Any CPU.Build.0 = Release|Any CPU
	EndGlobalSection
	GlobalSection(SolutionProperties) = preSolution
		HideSolutionNode = FALSE
	EndGlobalSection
	GlobalSection(ExtensibilityGlobals) = postSolution
		SolutionGuid = {62FE4C7A-EA6F-4431-B50E-7F8D1B04F566}
	EndGlobalSection
EndGlobal
